
Microsoft Visual Studio Solution File, Format Version 12.00
# Visual Studio Version 17
VisualStudioVersion = 17.7.34031.279
MinimumVisualStudioVersion = 10.0.40219.1
Project("{FAE04EC0-301F-11D3-BF4B-00C04F79EFBC}") = "Taks UnitTest", "Taks UnitTest\Taks UnitTest.csproj", "{318DA8E9-0737-4186-B16B-CF7BD3DC8978}"
EndProject
Project("{FAE04EC0-301F-11D3-BF4B-00C04F79EFBC}") = "UserRepositoryTests", "BookRepositoryTests\UserRepositoryTests.csproj", "{AE382A2B-D153-4959-A095-757F0F874B0B}"
EndProject
Project("{FAE04EC0-301F-11D3-BF4B-00C04F79EFBC}") = "NewBookRepositoryTest", "NewBookRepositoryTest\NewBookRepositoryTest.csproj", "{C60F27A4-9252-4B83-9B43-87A587094D89}"
EndProject
Global
	GlobalSection(SolutionConfigurationPlatforms) = preSolution
		Debug|Any CPU = Debug|Any CPU
		Release|Any CPU = Release|Any CPU
	EndGlobalSection
	GlobalSection(ProjectConfigurationPlatforms) = postSolution
		{318DA8E9-0737-4186-B16B-CF7BD3DC8978}.Debug|Any CPU.ActiveCfg = Debug|Any CPU
		{318DA8E9-0737-4186-B16B-CF7BD3DC8978}.Debug|Any CPU.Build.0 = Debug|Any CPU
		{318DA8E9-0737-4186-B16B-CF7BD3DC8978}.Release|Any CPU.ActiveCfg = Release|Any CPU
		{318DA8E9-0737-4186-B16B-CF7BD3DC8978}.Release|Any CPU.Build.0 = Release|Any CPU
		{AE382A2B-D153-4959-A095-757F0F874B0B}.Debug|Any CPU.ActiveCfg = Debug|Any CPU
		{AE382A2B-D153-4959-A095-757F0F874B0B}.Debug|Any CPU.Build.0 = Debug|Any CPU
		{AE382A2B-D153-4959-A095-757F0F874B0B}.Release|Any CPU.ActiveCfg = Release|Any CPU
		{AE382A2B-D153-4959-A095-757F0F874B0B}.Release|Any CPU.Build.0 = Release|Any CPU
		{C60F27A4-9252-4B83-9B43-87A587094D89}.Debug|Any CPU.ActiveCfg = Debug|Any CPU
		{C60F27A4-9252-4B83-9B43-87A587094D89}.Debug|Any CPU.Build.0 = Debug|Any CPU
		{C60F27A4-9252-4B83-9B43-87A587094D89}.Release|Any CPU.ActiveCfg = Release|Any CPU
		{C60F27A4-9252-4B83-9B43-87A587094D89}.Release|Any CPU.Build.0 = Release|Any CPU
	EndGlobalSection
	GlobalSection(SolutionProperties) = preSolution
		HideSolutionNode = FALSE
	EndGlobalSection
	GlobalSection(ExtensibilityGlobals) = postSolution
		SolutionGuid = {B71D07F3-AD3D-4594-8158-50B5F348AED5}
	EndGlobalSection
EndGlobal
